{
  "version": 4,
  "terraform_version": "1.11.2",
  "serial": 18,
  "lineage": "08014f3b-ffde-db1a-4019-e7730c362335",
  "outputs": {
    "backend_subnet_id": {
      "value": "/subscriptions/a8715d58-743d-4b54-b671-230ce91aab9b/resourceGroups/SmartIncidentResponseRG/providers/Microsoft.Network/virtualNetworks/SmartIncidentResponseVNet/subnets/BackendSubnet",
      "type": "string"
    },
    "backend_vm_public_ip": {
      "value": "172.173.152.208",
      "type": "string"
    },
    "database_subnet_id": {
      "value": "/subscriptions/a8715d58-743d-4b54-b671-230ce91aab9b/resourceGroups/SmartIncidentResponseRG/providers/Microsoft.Network/virtualNetworks/SmartIncidentResponseVNet/subnets/DatabaseSubnet",
      "type": "string"
    },
    "database_vm_public_ip": {
      "value": "52.234.129.52",
      "type": "string"
    },
    "resource_group_name": {
      "value": "SmartIncidentResponseRG",
      "type": "string"
    },
    "ssh_command_backend": {
      "value": "ssh adminuser@172.173.152.208 -i ~/.ssh/id_rsa_sirp_project",
      "type": "string"
    },
    "ssh_command_database": {
      "value": "ssh adminuser@52.234.129.52 -i ~/.ssh/id_rsa_sirp_project",
      "type": "string"
    },
    "virtual_network_name": {
      "value": "SmartIncidentResponseVNet",
      "type": "string"
    }
  },
  "resources": [
    {
      "mode": "managed",
      "type": "azurerm_linux_virtual_machine",
      "name": "backend_vm",
      "provider": "provider[\"registry.terraform.io/hashicorp/azurerm\"]",
      "instances": [
        {
          "schema_version": 0,
          "attributes": {
            "additional_capabilities": [],
            "admin_password": "Puneet8872423736@",
            "admin_ssh_key": [
              {
                "public_key": "ssh-rsa AAAAB3NzaC1yc2EAAAADAQABAAACAQCuUUb7FGtOhAtZHzIPp8RgHY2waj8bNDtsvipxQlz+fyLAulcDlzC6LHzoJMqnWMI/4Ebe7I/AVrj9Iw9INVosZV674RcgPdjLLZSsu6cWCAPjiy5aQl2M5UPUb/yx64p3iOXst/nVEjK4hobqiZCNdfUBD11NzamaakMgnbd5d+iBFOgQqAs82276vP5D0qJWWsDstk5J3CXyV44HmqAKx8U7E9EfXXZyqCdsBE3Xu3diTcfRhGnJkPbJzbgfxh16f1OkvO8rfNpHehN8ooAGgdaZX2Rcjhj8c5D96dqCF2s6spUiU7DrW5ugSpAAs66tsuz3XBe+/ncdO8MlyM2L2w4GBij8iQ2PoNvvs1vQkEU0WvEsYZmdiqaRhrnTzN0meC+NBAeBjk9JRqf575G5zZzb/bYXXfbrv0bVthjGRWV25QwW3qMWv9ICzGWD90l6X6IH5FFX/qxv2vvIj/ccG3zfGA7s3ecwCoigotYbgmiLECUKvBf768sBOEswzKaSrgH57lvuD2l6ssK6qPl4uLJ11+E3NDmb5b/YJGZsUIW76cYI/NJDf7nd4I1t751tT0cFDStT5YlCs8sVXeyFvJuXM1rLRh5j3u6jUBO00ZoQhwb2TyPGl8p9zlP9ssbM2b214BN/VL/aEBCJicgsFNykVXsPOHl4AzKVW8pNlw== puneetsharma@Puneets-MacBook-Pro.local",
                "username": "adminuser"
              }
            ],
            "admin_username": "adminuser",
            "allow_extension_operations": true,
            "availability_set_id": "",
            "boot_diagnostics": [],
            "bypass_platform_safety_checks_on_user_schedule_enabled": false,
            "capacity_reservation_group_id": "",
            "computer_name": "SIRPBackendVM",
            "custom_data": "ICAgICMhL2Jpbi9iYXNoCiAgICBzdWRvIGFwdC1nZXQgdXBkYXRlIC15CiAgICBzdWRvIGFwdC1nZXQgdXBncmFkZSAteQogICAgIyBZb3UgY2FuIGFkZCBtb3JlIGluaXRpYWwgc2V0dXAgY29tbWFuZHMgaGVyZSwgZS5nLiwgaW5zdGFsbCBQeXRob24gb3IgRG9ja2VyCiAgICAjIGVjaG8gIkhlbGxvIGZyb20gQmFja2VuZCBWTSBjdXN0b21fZGF0YSEiID4+IC9ob21lL2FkbWludXNlci9zZXR1cF9sb2cudHh0Cg==",
            "dedicated_host_group_id": "",
            "dedicated_host_id": "",
            "disable_password_authentication": false,
            "disk_controller_type": "",
            "edge_zone": "",
            "encryption_at_host_enabled": false,
            "eviction_policy": "",
            "extensions_time_budget": "PT1H30M",
            "gallery_application": [],
            "id": "/subscriptions/a8715d58-743d-4b54-b671-230ce91aab9b/resourceGroups/SmartIncidentResponseRG/providers/Microsoft.Compute/virtualMachines/SIRPBackendVM",
            "identity": [],
            "license_type": "",
            "location": "eastus",
            "max_bid_price": -1,
            "name": "SIRPBackendVM",
            "network_interface_ids": [
              "/subscriptions/a8715d58-743d-4b54-b671-230ce91aab9b/resourceGroups/SmartIncidentResponseRG/providers/Microsoft.Network/networkInterfaces/SIRPBackendVM-nic"
            ],
            "os_disk": [
              {
                "caching": "ReadWrite",
                "diff_disk_settings": [],
                "disk_encryption_set_id": "",
                "disk_size_gb": 30,
                "name": "SIRPBackendVM_OsDisk_1_90a721734bf247178da539052a569cd8",
                "secure_vm_disk_encryption_set_id": "",
                "security_encryption_type": "",
                "storage_account_type": "Standard_LRS",
                "write_accelerator_enabled": false
              }
            ],
            "os_image_notification": [],
            "patch_assessment_mode": "ImageDefault",
            "patch_mode": "ImageDefault",
            "plan": [],
            "platform_fault_domain": -1,
            "priority": "Regular",
            "private_ip_address": "10.0.1.4",
            "private_ip_addresses": [
              "10.0.1.4"
            ],
            "provision_vm_agent": true,
            "proximity_placement_group_id": "",
            "public_ip_address": "172.173.152.208",
            "public_ip_addresses": [
              "172.173.152.208"
            ],
            "reboot_setting": "",
            "resource_group_name": "SmartIncidentResponseRG",
            "secret": [],
            "secure_boot_enabled": false,
            "size": "Standard_B2s",
            "source_image_id": "",
            "source_image_reference": [
              {
                "offer": "UbuntuServer",
                "publisher": "Canonical",
                "sku": "18.04-LTS",
                "version": "latest"
              }
            ],
            "tags": {},
            "termination_notification": [],
            "timeouts": null,
            "user_data": "",
            "virtual_machine_id": "5601b0c6-7c69-40ea-811a-0645d122ac76",
            "virtual_machine_scale_set_id": "",
            "vm_agent_platform_updates_enabled": false,
            "vtpm_enabled": false,
            "zone": ""
          },
          "sensitive_attributes": [
            [
              {
                "type": "get_attr",
                "value": "custom_data"
              }
            ],
            [
              {
                "type": "get_attr",
                "value": "admin_password"
              }
            ]
          ],
          "private": "eyJlMmJmYjczMC1lY2FhLTExZTYtOGY4OC0zNDM2M2JjN2M0YzAiOnsiY3JlYXRlIjoyNzAwMDAwMDAwMDAwLCJkZWxldGUiOjI3MDAwMDAwMDAwMDAsInJlYWQiOjMwMDAwMDAwMDAwMCwidXBkYXRlIjoyNzAwMDAwMDAwMDAwfX0=",
          "dependencies": [
            "azurerm_network_interface.backend_vm_nic",
            "azurerm_public_ip.backend_vm_ip",
            "azurerm_resource_group.sirp_rg",
            "azurerm_subnet.backend_subnet",
            "azurerm_virtual_network.sirp_vnet"
          ]
        }
      ]
    },
    {
      "mode": "managed",
      "type": "azurerm_linux_virtual_machine",
      "name": "database_vm",
      "provider": "provider[\"registry.terraform.io/hashicorp/azurerm\"]",
      "instances": [
        {
          "schema_version": 0,
          "attributes": {
            "additional_capabilities": [],
            "admin_password": "Puneet8872423736@",
            "admin_ssh_key": [
              {
                "public_key": "ssh-rsa AAAAB3NzaC1yc2EAAAADAQABAAACAQCuUUb7FGtOhAtZHzIPp8RgHY2waj8bNDtsvipxQlz+fyLAulcDlzC6LHzoJMqnWMI/4Ebe7I/AVrj9Iw9INVosZV674RcgPdjLLZSsu6cWCAPjiy5aQl2M5UPUb/yx64p3iOXst/nVEjK4hobqiZCNdfUBD11NzamaakMgnbd5d+iBFOgQqAs82276vP5D0qJWWsDstk5J3CXyV44HmqAKx8U7E9EfXXZyqCdsBE3Xu3diTcfRhGnJkPbJzbgfxh16f1OkvO8rfNpHehN8ooAGgdaZX2Rcjhj8c5D96dqCF2s6spUiU7DrW5ugSpAAs66tsuz3XBe+/ncdO8MlyM2L2w4GBij8iQ2PoNvvs1vQkEU0WvEsYZmdiqaRhrnTzN0meC+NBAeBjk9JRqf575G5zZzb/bYXXfbrv0bVthjGRWV25QwW3qMWv9ICzGWD90l6X6IH5FFX/qxv2vvIj/ccG3zfGA7s3ecwCoigotYbgmiLECUKvBf768sBOEswzKaSrgH57lvuD2l6ssK6qPl4uLJ11+E3NDmb5b/YJGZsUIW76cYI/NJDf7nd4I1t751tT0cFDStT5YlCs8sVXeyFvJuXM1rLRh5j3u6jUBO00ZoQhwb2TyPGl8p9zlP9ssbM2b214BN/VL/aEBCJicgsFNykVXsPOHl4AzKVW8pNlw== puneetsharma@Puneets-MacBook-Pro.local",
                "username": "adminuser"
              }
            ],
            "admin_username": "adminuser",
            "allow_extension_operations": true,
            "availability_set_id": "",
            "boot_diagnostics": [],
            "bypass_platform_safety_checks_on_user_schedule_enabled": false,
            "capacity_reservation_group_id": "",
            "computer_name": "SIRPDatabaseVM",
            "custom_data": "ICAgICMhL2Jpbi9iYXNoCiAgICBzdWRvIGFwdC1nZXQgdXBkYXRlIC15CiAgICBzdWRvIGFwdC1nZXQgdXBncmFkZSAteQogICAgIyBZb3UgY2FuIGFkZCBtb3JlIGluaXRpYWwgc2V0dXAgY29tbWFuZHMgaGVyZSwgZS5nLiwgaW5zdGFsbCBNeVNRTAogICAgIyBlY2hvICJIZWxsbyBmcm9tIERhdGFiYXNlIFZNIGN1c3RvbV9kYXRhISIgPj4gL2hvbWUvYWRtaW51c2VyL3NldHVwX2xvZy50eHQK",
            "dedicated_host_group_id": "",
            "dedicated_host_id": "",
            "disable_password_authentication": false,
            "disk_controller_type": "",
            "edge_zone": "",
            "encryption_at_host_enabled": false,
            "eviction_policy": "",
            "extensions_time_budget": "PT1H30M",
            "gallery_application": [],
            "id": "/subscriptions/a8715d58-743d-4b54-b671-230ce91aab9b/resourceGroups/SmartIncidentResponseRG/providers/Microsoft.Compute/virtualMachines/SIRPDatabaseVM",
            "identity": [],
            "license_type": "",
            "location": "eastus",
            "max_bid_price": -1,
            "name": "SIRPDatabaseVM",
            "network_interface_ids": [
              "/subscriptions/a8715d58-743d-4b54-b671-230ce91aab9b/resourceGroups/SmartIncidentResponseRG/providers/Microsoft.Network/networkInterfaces/SIRPDatabaseVM-nic"
            ],
            "os_disk": [
              {
                "caching": "ReadWrite",
                "diff_disk_settings": [],
                "disk_encryption_set_id": "",
                "disk_size_gb": 30,
                "name": "SIRPDatabaseVM_OsDisk_1_bc42ba5e8a6a4da7b21dbd1e35417290",
                "secure_vm_disk_encryption_set_id": "",
                "security_encryption_type": "",
                "storage_account_type": "Standard_LRS",
                "write_accelerator_enabled": false
              }
            ],
            "os_image_notification": [],
            "patch_assessment_mode": "ImageDefault",
            "patch_mode": "ImageDefault",
            "plan": [],
            "platform_fault_domain": -1,
            "priority": "Regular",
            "private_ip_address": "10.0.2.4",
            "private_ip_addresses": [
              "10.0.2.4"
            ],
            "provision_vm_agent": true,
            "proximity_placement_group_id": "",
            "public_ip_address": "52.234.129.52",
            "public_ip_addresses": [
              "52.234.129.52"
            ],
            "reboot_setting": "",
            "resource_group_name": "SmartIncidentResponseRG",
            "secret": [],
            "secure_boot_enabled": false,
            "size": "Standard_B2s",
            "source_image_id": "",
            "source_image_reference": [
              {
                "offer": "UbuntuServer",
                "publisher": "Canonical",
                "sku": "18.04-LTS",
                "version": "latest"
              }
            ],
            "tags": {},
            "termination_notification": [],
            "timeouts": null,
            "user_data": "",
            "virtual_machine_id": "3a2192ee-38ad-49ed-b800-b0902bd23d93",
            "virtual_machine_scale_set_id": "",
            "vm_agent_platform_updates_enabled": false,
            "vtpm_enabled": false,
            "zone": ""
          },
          "sensitive_attributes": [
            [
              {
                "type": "get_attr",
                "value": "custom_data"
              }
            ],
            [
              {
                "type": "get_attr",
                "value": "admin_password"
              }
            ]
          ],
          "private": "eyJlMmJmYjczMC1lY2FhLTExZTYtOGY4OC0zNDM2M2JjN2M0YzAiOnsiY3JlYXRlIjoyNzAwMDAwMDAwMDAwLCJkZWxldGUiOjI3MDAwMDAwMDAwMDAsInJlYWQiOjMwMDAwMDAwMDAwMCwidXBkYXRlIjoyNzAwMDAwMDAwMDAwfX0=",
          "dependencies": [
            "azurerm_network_interface.database_vm_nic",
            "azurerm_public_ip.database_vm_ip",
            "azurerm_resource_group.sirp_rg",
            "azurerm_subnet.database_subnet",
            "azurerm_virtual_network.sirp_vnet"
          ]
        }
      ]
    },
    {
      "mode": "managed",
      "type": "azurerm_network_interface",
      "name": "backend_vm_nic",
      "provider": "provider[\"registry.terraform.io/hashicorp/azurerm\"]",
      "instances": [
        {
          "schema_version": 0,
          "attributes": {
            "accelerated_networking_enabled": false,
            "applied_dns_servers": [],
            "auxiliary_mode": "",
            "auxiliary_sku": "",
            "dns_servers": [],
            "edge_zone": "",
            "enable_accelerated_networking": false,
            "enable_ip_forwarding": false,
            "id": "/subscriptions/a8715d58-743d-4b54-b671-230ce91aab9b/resourceGroups/SmartIncidentResponseRG/providers/Microsoft.Network/networkInterfaces/SIRPBackendVM-nic",
            "internal_dns_name_label": "",
            "internal_domain_name_suffix": "5wzcrmiope1ejeng3uycrkciff.bx.internal.cloudapp.net",
            "ip_configuration": [
              {
                "gateway_load_balancer_frontend_ip_configuration_id": "",
                "name": "ipconfig1",
                "primary": true,
                "private_ip_address": "10.0.1.4",
                "private_ip_address_allocation": "Dynamic",
                "private_ip_address_version": "IPv4",
                "public_ip_address_id": "/subscriptions/a8715d58-743d-4b54-b671-230ce91aab9b/resourceGroups/SmartIncidentResponseRG/providers/Microsoft.Network/publicIPAddresses/SIRPBackendVM-ip",
                "subnet_id": "/subscriptions/a8715d58-743d-4b54-b671-230ce91aab9b/resourceGroups/SmartIncidentResponseRG/providers/Microsoft.Network/virtualNetworks/SmartIncidentResponseVNet/subnets/BackendSubnet"
              }
            ],
            "ip_forwarding_enabled": false,
            "location": "eastus",
            "mac_address": "00-0D-3A-8D-6E-0A",
            "name": "SIRPBackendVM-nic",
            "private_ip_address": "10.0.1.4",
            "private_ip_addresses": [
              "10.0.1.4"
            ],
            "resource_group_name": "SmartIncidentResponseRG",
            "tags": {},
            "timeouts": null,
            "virtual_machine_id": "/subscriptions/a8715d58-743d-4b54-b671-230ce91aab9b/resourceGroups/SmartIncidentResponseRG/providers/Microsoft.Compute/virtualMachines/SIRPBackendVM"
          },
          "sensitive_attributes": [],
          "private": "eyJlMmJmYjczMC1lY2FhLTExZTYtOGY4OC0zNDM2M2JjN2M0YzAiOnsiY3JlYXRlIjoxODAwMDAwMDAwMDAwLCJkZWxldGUiOjE4MDAwMDAwMDAwMDAsInJlYWQiOjMwMDAwMDAwMDAwMCwidXBkYXRlIjoxODAwMDAwMDAwMDAwfX0=",
          "dependencies": [
            "azurerm_public_ip.backend_vm_ip",
            "azurerm_resource_group.sirp_rg",
            "azurerm_subnet.backend_subnet",
            "azurerm_virtual_network.sirp_vnet"
          ]
        }
      ]
    },
    {
      "mode": "managed",
      "type": "azurerm_network_interface",
      "name": "database_vm_nic",
      "provider": "provider[\"registry.terraform.io/hashicorp/azurerm\"]",
      "instances": [
        {
          "schema_version": 0,
          "attributes": {
            "accelerated_networking_enabled": false,
            "applied_dns_servers": [],
            "auxiliary_mode": "",
            "auxiliary_sku": "",
            "dns_servers": [],
            "edge_zone": "",
            "enable_accelerated_networking": false,
            "enable_ip_forwarding": false,
            "id": "/subscriptions/a8715d58-743d-4b54-b671-230ce91aab9b/resourceGroups/SmartIncidentResponseRG/providers/Microsoft.Network/networkInterfaces/SIRPDatabaseVM-nic",
            "internal_dns_name_label": "",
            "internal_domain_name_suffix": "5wzcrmiope1ejeng3uycrkciff.bx.internal.cloudapp.net",
            "ip_configuration": [
              {
                "gateway_load_balancer_frontend_ip_configuration_id": "",
                "name": "ipconfig1",
                "primary": true,
                "private_ip_address": "10.0.2.4",
                "private_ip_address_allocation": "Dynamic",
                "private_ip_address_version": "IPv4",
                "public_ip_address_id": "/subscriptions/a8715d58-743d-4b54-b671-230ce91aab9b/resourceGroups/SmartIncidentResponseRG/providers/Microsoft.Network/publicIPAddresses/SIRPDatabaseVM-ip",
                "subnet_id": "/subscriptions/a8715d58-743d-4b54-b671-230ce91aab9b/resourceGroups/SmartIncidentResponseRG/providers/Microsoft.Network/virtualNetworks/SmartIncidentResponseVNet/subnets/DatabaseSubnet"
              }
            ],
            "ip_forwarding_enabled": false,
            "location": "eastus",
            "mac_address": "00-22-48-33-9E-90",
            "name": "SIRPDatabaseVM-nic",
            "private_ip_address": "10.0.2.4",
            "private_ip_addresses": [
              "10.0.2.4"
            ],
            "resource_group_name": "SmartIncidentResponseRG",
            "tags": {},
            "timeouts": null,
            "virtual_machine_id": "/subscriptions/a8715d58-743d-4b54-b671-230ce91aab9b/resourceGroups/SmartIncidentResponseRG/providers/Microsoft.Compute/virtualMachines/SIRPDatabaseVM"
          },
          "sensitive_attributes": [],
          "private": "eyJlMmJmYjczMC1lY2FhLTExZTYtOGY4OC0zNDM2M2JjN2M0YzAiOnsiY3JlYXRlIjoxODAwMDAwMDAwMDAwLCJkZWxldGUiOjE4MDAwMDAwMDAwMDAsInJlYWQiOjMwMDAwMDAwMDAwMCwidXBkYXRlIjoxODAwMDAwMDAwMDAwfX0=",
          "dependencies": [
            "azurerm_public_ip.database_vm_ip",
            "azurerm_resource_group.sirp_rg",
            "azurerm_subnet.database_subnet",
            "azurerm_virtual_network.sirp_vnet"
          ]
        }
      ]
    },
    {
      "mode": "managed",
      "type": "azurerm_network_security_group",
      "name": "backend_nsg",
      "provider": "provider[\"registry.terraform.io/hashicorp/azurerm\"]",
      "instances": [
        {
          "schema_version": 0,
          "attributes": {
            "id": "/subscriptions/a8715d58-743d-4b54-b671-230ce91aab9b/resourceGroups/SmartIncidentResponseRG/providers/Microsoft.Network/networkSecurityGroups/BackendSubnet-nsg",
            "location": "eastus",
            "name": "BackendSubnet-nsg",
            "resource_group_name": "SmartIncidentResponseRG",
            "security_rule": [
              {
                "access": "Allow",
                "description": "",
                "destination_address_prefix": "*",
                "destination_address_prefixes": [],
                "destination_application_security_group_ids": [],
                "destination_port_range": "8000",
                "destination_port_ranges": [],
                "direction": "Inbound",
                "name": "Allow8000",
                "priority": 140,
                "protocol": "Tcp",
                "source_address_prefix": "*",
                "source_address_prefixes": [],
                "source_application_security_group_ids": [],
                "source_port_range": "*",
                "source_port_ranges": []
              },
              {
                "access": "Allow",
                "description": null,
                "destination_address_prefix": "*",
                "destination_address_prefixes": [],
                "destination_application_security_group_ids": [],
                "destination_port_range": "22",
                "destination_port_ranges": [],
                "direction": "Inbound",
                "name": "SSH",
                "priority": 100,
                "protocol": "Tcp",
                "source_address_prefix": "*",
                "source_address_prefixes": [],
                "source_application_security_group_ids": [],
                "source_port_range": "*",
                "source_port_ranges": []
              },
              {
                "access": "Allow",
                "description": null,
                "destination_address_prefix": "*",
                "destination_address_prefixes": [],
                "destination_application_security_group_ids": [],
                "destination_port_range": "443",
                "destination_port_ranges": [],
                "direction": "Inbound",
                "name": "AllowHTTPS",
                "priority": 120,
                "protocol": "Tcp",
                "source_address_prefix": "*",
                "source_address_prefixes": [],
                "source_application_security_group_ids": [],
                "source_port_range": "*",
                "source_port_ranges": []
              },
              {
                "access": "Allow",
                "description": null,
                "destination_address_prefix": "*",
                "destination_address_prefixes": [],
                "destination_application_security_group_ids": [],
                "destination_port_range": "80",
                "destination_port_ranges": [],
                "direction": "Inbound",
                "name": "AllowHTTP",
                "priority": 110,
                "protocol": "Tcp",
                "source_address_prefix": "*",
                "source_address_prefixes": [],
                "source_application_security_group_ids": [],
                "source_port_range": "*",
                "source_port_ranges": []
              },
              {
                "access": "Allow",
                "description": null,
                "destination_address_prefix": "*",
                "destination_address_prefixes": [],
                "destination_application_security_group_ids": [],
                "destination_port_range": "8000",
                "destination_port_ranges": [],
                "direction": "Inbound",
                "name": "AllowFastAPI",
                "priority": 130,
                "protocol": "Tcp",
                "source_address_prefix": "VirtualNetwork",
                "source_address_prefixes": [],
                "source_application_security_group_ids": [],
                "source_port_range": "*",
                "source_port_ranges": []
              }
            ],
            "tags": {},
            "timeouts": null
          },
          "sensitive_attributes": [],
          "private": "eyJlMmJmYjczMC1lY2FhLTExZTYtOGY4OC0zNDM2M2JjN2M0YzAiOnsiY3JlYXRlIjoxODAwMDAwMDAwMDAwLCJkZWxldGUiOjE4MDAwMDAwMDAwMDAsInJlYWQiOjMwMDAwMDAwMDAwMCwidXBkYXRlIjoxODAwMDAwMDAwMDAwfX0=",
          "dependencies": [
            "azurerm_resource_group.sirp_rg"
          ]
        }
      ]
    },
    {
      "mode": "managed",
      "type": "azurerm_network_security_group",
      "name": "database_nsg",
      "provider": "provider[\"registry.terraform.io/hashicorp/azurerm\"]",
      "instances": [
        {
          "schema_version": 0,
          "attributes": {
            "id": "/subscriptions/a8715d58-743d-4b54-b671-230ce91aab9b/resourceGroups/SmartIncidentResponseRG/providers/Microsoft.Network/networkSecurityGroups/DatabaseSubnet-nsg",
            "location": "eastus",
            "name": "DatabaseSubnet-nsg",
            "resource_group_name": "SmartIncidentResponseRG",
            "security_rule": [
              {
                "access": "Allow",
                "description": "",
                "destination_address_prefix": "*",
                "destination_address_prefixes": [],
                "destination_application_security_group_ids": [],
                "destination_port_range": "22",
                "destination_port_ranges": [],
                "direction": "Inbound",
                "name": "SSH",
                "priority": 100,
                "protocol": "Tcp",
                "source_address_prefix": "*",
                "source_address_prefixes": [],
                "source_application_security_group_ids": [],
                "source_port_range": "*",
                "source_port_ranges": []
              },
              {
                "access": "Allow",
                "description": "",
                "destination_address_prefix": "*",
                "destination_address_prefixes": [],
                "destination_application_security_group_ids": [],
                "destination_port_range": "3306",
                "destination_port_ranges": [],
                "direction": "Inbound",
                "name": "AllowMySQL",
                "priority": 110,
                "protocol": "Tcp",
                "source_address_prefix": "10.0.1.0/24",
                "source_address_prefixes": [],
                "source_application_security_group_ids": [],
                "source_port_range": "*",
                "source_port_ranges": []
              }
            ],
            "tags": {},
            "timeouts": null
          },
          "sensitive_attributes": [],
          "private": "eyJlMmJmYjczMC1lY2FhLTExZTYtOGY4OC0zNDM2M2JjN2M0YzAiOnsiY3JlYXRlIjoxODAwMDAwMDAwMDAwLCJkZWxldGUiOjE4MDAwMDAwMDAwMDAsInJlYWQiOjMwMDAwMDAwMDAwMCwidXBkYXRlIjoxODAwMDAwMDAwMDAwfX0=",
          "dependencies": [
            "azurerm_resource_group.sirp_rg",
            "azurerm_subnet.backend_subnet",
            "azurerm_virtual_network.sirp_vnet"
          ]
        }
      ]
    },
    {
      "mode": "managed",
      "type": "azurerm_public_ip",
      "name": "backend_vm_ip",
      "provider": "provider[\"registry.terraform.io/hashicorp/azurerm\"]",
      "instances": [
        {
          "schema_version": 0,
          "attributes": {
            "allocation_method": "Static",
            "ddos_protection_mode": "VirtualNetworkInherited",
            "ddos_protection_plan_id": null,
            "domain_name_label": null,
            "edge_zone": "",
            "fqdn": null,
            "id": "/subscriptions/a8715d58-743d-4b54-b671-230ce91aab9b/resourceGroups/SmartIncidentResponseRG/providers/Microsoft.Network/publicIPAddresses/SIRPBackendVM-ip",
            "idle_timeout_in_minutes": 4,
            "ip_address": "172.173.152.208",
            "ip_tags": {},
            "ip_version": "IPv4",
            "location": "eastus",
            "name": "SIRPBackendVM-ip",
            "public_ip_prefix_id": null,
            "resource_group_name": "SmartIncidentResponseRG",
            "reverse_fqdn": null,
            "sku": "Standard",
            "sku_tier": "Regional",
            "tags": {},
            "timeouts": null,
            "zones": []
          },
          "sensitive_attributes": [],
          "private": "eyJlMmJmYjczMC1lY2FhLTExZTYtOGY4OC0zNDM2M2JjN2M0YzAiOnsiY3JlYXRlIjoxODAwMDAwMDAwMDAwLCJkZWxldGUiOjE4MDAwMDAwMDAwMDAsInJlYWQiOjMwMDAwMDAwMDAwMCwidXBkYXRlIjoxODAwMDAwMDAwMDAwfX0=",
          "dependencies": [
            "azurerm_resource_group.sirp_rg"
          ]
        }
      ]
    },
    {
      "mode": "managed",
      "type": "azurerm_public_ip",
      "name": "database_vm_ip",
      "provider": "provider[\"registry.terraform.io/hashicorp/azurerm\"]",
      "instances": [
        {
          "schema_version": 0,
          "attributes": {
            "allocation_method": "Static",
            "ddos_protection_mode": "VirtualNetworkInherited",
            "ddos_protection_plan_id": null,
            "domain_name_label": null,
            "edge_zone": "",
            "fqdn": null,
            "id": "/subscriptions/a8715d58-743d-4b54-b671-230ce91aab9b/resourceGroups/SmartIncidentResponseRG/providers/Microsoft.Network/publicIPAddresses/SIRPDatabaseVM-ip",
            "idle_timeout_in_minutes": 4,
            "ip_address": "52.234.129.52",
            "ip_tags": {},
            "ip_version": "IPv4",
            "location": "eastus",
            "name": "SIRPDatabaseVM-ip",
            "public_ip_prefix_id": null,
            "resource_group_name": "SmartIncidentResponseRG",
            "reverse_fqdn": null,
            "sku": "Standard",
            "sku_tier": "Regional",
            "tags": {},
            "timeouts": null,
            "zones": []
          },
          "sensitive_attributes": [],
          "private": "eyJlMmJmYjczMC1lY2FhLTExZTYtOGY4OC0zNDM2M2JjN2M0YzAiOnsiY3JlYXRlIjoxODAwMDAwMDAwMDAwLCJkZWxldGUiOjE4MDAwMDAwMDAwMDAsInJlYWQiOjMwMDAwMDAwMDAwMCwidXBkYXRlIjoxODAwMDAwMDAwMDAwfX0=",
          "dependencies": [
            "azurerm_resource_group.sirp_rg"
          ]
        }
      ]
    },
    {
      "mode": "managed",
      "type": "azurerm_resource_group",
      "name": "sirp_rg",
      "provider": "provider[\"registry.terraform.io/hashicorp/azurerm\"]",
      "instances": [
        {
          "schema_version": 0,
          "attributes": {
            "id": "/subscriptions/a8715d58-743d-4b54-b671-230ce91aab9b/resourceGroups/SmartIncidentResponseRG",
            "location": "eastus",
            "managed_by": "",
            "name": "SmartIncidentResponseRG",
            "tags": {},
            "timeouts": null
          },
          "sensitive_attributes": [],
          "private": "eyJlMmJmYjczMC1lY2FhLTExZTYtOGY4OC0zNDM2M2JjN2M0YzAiOnsiY3JlYXRlIjo1NDAwMDAwMDAwMDAwLCJkZWxldGUiOjU0MDAwMDAwMDAwMDAsInJlYWQiOjMwMDAwMDAwMDAwMCwidXBkYXRlIjo1NDAwMDAwMDAwMDAwfX0="
        }
      ]
    },
    {
      "mode": "managed",
      "type": "azurerm_subnet",
      "name": "backend_subnet",
      "provider": "provider[\"registry.terraform.io/hashicorp/azurerm\"]",
      "instances": [
        {
          "schema_version": 0,
          "attributes": {
            "address_prefixes": [
              "10.0.1.0/24"
            ],
            "default_outbound_access_enabled": true,
            "delegation": [],
            "enforce_private_link_endpoint_network_policies": false,
            "enforce_private_link_service_network_policies": false,
            "id": "/subscriptions/a8715d58-743d-4b54-b671-230ce91aab9b/resourceGroups/SmartIncidentResponseRG/providers/Microsoft.Network/virtualNetworks/SmartIncidentResponseVNet/subnets/BackendSubnet",
            "name": "BackendSubnet",
            "private_endpoint_network_policies": "Enabled",
            "private_endpoint_network_policies_enabled": true,
            "private_link_service_network_policies_enabled": true,
            "resource_group_name": "SmartIncidentResponseRG",
            "service_endpoint_policy_ids": [],
            "service_endpoints": [],
            "timeouts": null,
            "virtual_network_name": "SmartIncidentResponseVNet"
          },
          "sensitive_attributes": [],
          "private": "eyJlMmJmYjczMC1lY2FhLTExZTYtOGY4OC0zNDM2M2JjN2M0YzAiOnsiY3JlYXRlIjoxODAwMDAwMDAwMDAwLCJkZWxldGUiOjE4MDAwMDAwMDAwMDAsInJlYWQiOjMwMDAwMDAwMDAwMCwidXBkYXRlIjoxODAwMDAwMDAwMDAwfX0=",
          "dependencies": [
            "azurerm_resource_group.sirp_rg",
            "azurerm_virtual_network.sirp_vnet"
          ]
        }
      ]
    },
    {
      "mode": "managed",
      "type": "azurerm_subnet",
      "name": "database_subnet",
      "provider": "provider[\"registry.terraform.io/hashicorp/azurerm\"]",
      "instances": [
        {
          "schema_version": 0,
          "attributes": {
            "address_prefixes": [
              "10.0.2.0/24"
            ],
            "default_outbound_access_enabled": true,
            "delegation": [],
            "enforce_private_link_endpoint_network_policies": false,
            "enforce_private_link_service_network_policies": false,
            "id": "/subscriptions/a8715d58-743d-4b54-b671-230ce91aab9b/resourceGroups/SmartIncidentResponseRG/providers/Microsoft.Network/virtualNetworks/SmartIncidentResponseVNet/subnets/DatabaseSubnet",
            "name": "DatabaseSubnet",
            "private_endpoint_network_policies": "Enabled",
            "private_endpoint_network_policies_enabled": true,
            "private_link_service_network_policies_enabled": true,
            "resource_group_name": "SmartIncidentResponseRG",
            "service_endpoint_policy_ids": [],
            "service_endpoints": [],
            "timeouts": null,
            "virtual_network_name": "SmartIncidentResponseVNet"
          },
          "sensitive_attributes": [],
          "private": "eyJlMmJmYjczMC1lY2FhLTExZTYtOGY4OC0zNDM2M2JjN2M0YzAiOnsiY3JlYXRlIjoxODAwMDAwMDAwMDAwLCJkZWxldGUiOjE4MDAwMDAwMDAwMDAsInJlYWQiOjMwMDAwMDAwMDAwMCwidXBkYXRlIjoxODAwMDAwMDAwMDAwfX0=",
          "dependencies": [
            "azurerm_resource_group.sirp_rg",
            "azurerm_virtual_network.sirp_vnet"
          ]
        }
      ]
    },
    {
      "mode": "managed",
      "type": "azurerm_subnet_network_security_group_association",
      "name": "backend_nsg_association",
      "provider": "provider[\"registry.terraform.io/hashicorp/azurerm\"]",
      "instances": [
        {
          "schema_version": 0,
          "attributes": {
            "id": "/subscriptions/a8715d58-743d-4b54-b671-230ce91aab9b/resourceGroups/SmartIncidentResponseRG/providers/Microsoft.Network/virtualNetworks/SmartIncidentResponseVNet/subnets/BackendSubnet",
            "network_security_group_id": "/subscriptions/a8715d58-743d-4b54-b671-230ce91aab9b/resourceGroups/SmartIncidentResponseRG/providers/Microsoft.Network/networkSecurityGroups/BackendSubnet-nsg",
            "subnet_id": "/subscriptions/a8715d58-743d-4b54-b671-230ce91aab9b/resourceGroups/SmartIncidentResponseRG/providers/Microsoft.Network/virtualNetworks/SmartIncidentResponseVNet/subnets/BackendSubnet",
            "timeouts": null
          },
          "sensitive_attributes": [],
          "private": "eyJlMmJmYjczMC1lY2FhLTExZTYtOGY4OC0zNDM2M2JjN2M0YzAiOnsiY3JlYXRlIjoxODAwMDAwMDAwMDAwLCJkZWxldGUiOjE4MDAwMDAwMDAwMDAsInJlYWQiOjMwMDAwMDAwMDAwMH19",
          "dependencies": [
            "azurerm_network_security_group.backend_nsg",
            "azurerm_resource_group.sirp_rg",
            "azurerm_subnet.backend_subnet",
            "azurerm_virtual_network.sirp_vnet"
          ]
        }
      ]
    },
    {
      "mode": "managed",
      "type": "azurerm_subnet_network_security_group_association",
      "name": "database_nsg_association",
      "provider": "provider[\"registry.terraform.io/hashicorp/azurerm\"]",
      "instances": [
        {
          "schema_version": 0,
          "attributes": {
            "id": "/subscriptions/a8715d58-743d-4b54-b671-230ce91aab9b/resourceGroups/SmartIncidentResponseRG/providers/Microsoft.Network/virtualNetworks/SmartIncidentResponseVNet/subnets/DatabaseSubnet",
            "network_security_group_id": "/subscriptions/a8715d58-743d-4b54-b671-230ce91aab9b/resourceGroups/SmartIncidentResponseRG/providers/Microsoft.Network/networkSecurityGroups/DatabaseSubnet-nsg",
            "subnet_id": "/subscriptions/a8715d58-743d-4b54-b671-230ce91aab9b/resourceGroups/SmartIncidentResponseRG/providers/Microsoft.Network/virtualNetworks/SmartIncidentResponseVNet/subnets/DatabaseSubnet",
            "timeouts": null
          },
          "sensitive_attributes": [],
          "private": "eyJlMmJmYjczMC1lY2FhLTExZTYtOGY4OC0zNDM2M2JjN2M0YzAiOnsiY3JlYXRlIjoxODAwMDAwMDAwMDAwLCJkZWxldGUiOjE4MDAwMDAwMDAwMDAsInJlYWQiOjMwMDAwMDAwMDAwMH19",
          "dependencies": [
            "azurerm_network_security_group.database_nsg",
            "azurerm_resource_group.sirp_rg",
            "azurerm_subnet.backend_subnet",
            "azurerm_subnet.database_subnet",
            "azurerm_virtual_network.sirp_vnet"
          ]
        }
      ]
    },
    {
      "mode": "managed",
      "type": "azurerm_virtual_network",
      "name": "sirp_vnet",
      "provider": "provider[\"registry.terraform.io/hashicorp/azurerm\"]",
      "instances": [
        {
          "schema_version": 0,
          "attributes": {
            "address_space": [
              "10.0.0.0/16"
            ],
            "bgp_community": "",
            "ddos_protection_plan": [],
            "dns_servers": [],
            "edge_zone": "",
            "encryption": [],
            "flow_timeout_in_minutes": 0,
            "guid": "b128b2fd-790e-4436-91a6-ed3028a8482d",
            "id": "/subscriptions/a8715d58-743d-4b54-b671-230ce91aab9b/resourceGroups/SmartIncidentResponseRG/providers/Microsoft.Network/virtualNetworks/SmartIncidentResponseVNet",
            "location": "eastus",
            "name": "SmartIncidentResponseVNet",
            "resource_group_name": "SmartIncidentResponseRG",
            "subnet": [
              {
                "address_prefix": "10.0.1.0/24",
                "id": "/subscriptions/a8715d58-743d-4b54-b671-230ce91aab9b/resourceGroups/SmartIncidentResponseRG/providers/Microsoft.Network/virtualNetworks/SmartIncidentResponseVNet/subnets/BackendSubnet",
                "name": "BackendSubnet",
                "security_group": "/subscriptions/a8715d58-743d-4b54-b671-230ce91aab9b/resourceGroups/SmartIncidentResponseRG/providers/Microsoft.Network/networkSecurityGroups/BackendSubnet-nsg"
              },
              {
                "address_prefix": "10.0.2.0/24",
                "id": "/subscriptions/a8715d58-743d-4b54-b671-230ce91aab9b/resourceGroups/SmartIncidentResponseRG/providers/Microsoft.Network/virtualNetworks/SmartIncidentResponseVNet/subnets/DatabaseSubnet",
                "name": "DatabaseSubnet",
                "security_group": "/subscriptions/a8715d58-743d-4b54-b671-230ce91aab9b/resourceGroups/SmartIncidentResponseRG/providers/Microsoft.Network/networkSecurityGroups/DatabaseSubnet-nsg"
              }
            ],
            "tags": {},
            "timeouts": null
          },
          "sensitive_attributes": [],
          "private": "eyJlMmJmYjczMC1lY2FhLTExZTYtOGY4OC0zNDM2M2JjN2M0YzAiOnsiY3JlYXRlIjoxODAwMDAwMDAwMDAwLCJkZWxldGUiOjE4MDAwMDAwMDAwMDAsInJlYWQiOjMwMDAwMDAwMDAwMCwidXBkYXRlIjoxODAwMDAwMDAwMDAwfX0=",
          "dependencies": [
            "azurerm_resource_group.sirp_rg"
          ]
        }
      ]
    }
  ],
  "check_results": null
}
